
Microsoft Visual Studio Solution File, Format Version 12.00
Project("{FAE04EC0-301F-11D3-BF4B-00C04F79EFBC}") = "wizely", "wizely.csproj", "{68B2C3C6-96D6-4DA1-9A87-4DB19418AAEF}"
EndProject
Global
	GlobalSection(SolutionConfigurationPlatforms) = preSolution
		Debug|Any CPU = Debug|Any CPU
		Release|Any CPU = Release|Any CPU
	EndGlobalSection
	GlobalSection(ProjectConfigurationPlatforms) = postSolution
		{68B2C3C6-96D6-4DA1-9A87-4DB19418AAEF}.Debug|Any CPU.ActiveCfg = Debug|Any CPU
		{68B2C3C6-96D6-4DA1-9A87-4DB19418AAEF}.Debug|Any CPU.Build.0 = Debug|Any CPU
		{68B2C3C6-96D6-4DA1-9A87-4DB19418AAEF}.Release|Any CPU.ActiveCfg = Release|Any CPU
		{68B2C3C6-96D6-4DA1-9A87-4DB19418AAEF}.Release|Any CPU.Build.0 = Release|Any CPU
	EndGlobalSection
EndGlobal
